// !$*UTF8*$!
{
	archiveVersion = 1;
	classes = {
	};
	objectVersion = 46;
	objects = {

/* Begin PBXBuildFile section */
		4C37A7261623DE3E0060829F /* UIKit.framework in Frameworks */ = {isa = PBXBuildFile; fileRef = 4C37A7251623DE3E0060829F /* UIKit.framework */; };
		4C37A7281623DE3E0060829F /* Foundation.framework in Frameworks */ = {isa = PBXBuildFile; fileRef = 4C37A7271623DE3E0060829F /* Foundation.framework */; };
		4C37A72A1623DE3E0060829F /* CoreGraphics.framework in Frameworks */ = {isa = PBXBuildFile; fileRef = 4C37A7291623DE3E0060829F /* CoreGraphics.framework */; };
		4C37A7301623DE3E0060829F /* InfoPlist.strings in Resources */ = {isa = PBXBuildFile; fileRef = 4C37A72E1623DE3E0060829F /* InfoPlist.strings */; };
		4C37A7321623DE3E0060829F /* main.m in Sources */ = {isa = PBXBuildFile; fileRef = 4C37A7311623DE3E0060829F /* main.m */; };
		4C37A7361623DE3E0060829F /* CdoAppDelegate.m in Sources */ = {isa = PBXBuildFile; fileRef = 4C37A7351623DE3E0060829F /* CdoAppDelegate.m */; };
		4C37A73F1623DE3F0060829F /* CdoViewController.m in Sources */ = {isa = PBXBuildFile; fileRef = 4C37A73E1623DE3F0060829F /* CdoViewController.m */; };
		4C37A7421623DE3F0060829F /* CdoViewController_iPhone.xib in Resources */ = {isa = PBXBuildFile; fileRef = 4C37A7401623DE3F0060829F /* CdoViewController_iPhone.xib */; };
		4C37A7451623DE3F0060829F /* CdoViewController_iPad.xib in Resources */ = {isa = PBXBuildFile; fileRef = 4C37A7431623DE3F0060829F /* CdoViewController_iPad.xib */; };
		4C37A7551623DEDA0060829F /* Reachability.m in Sources */ = {isa = PBXBuildFile; fileRef = 4C37A7541623DEDA0060829F /* Reachability.m */; };
		4C37A7581623DF340060829F /* AudioToolbox.framework in Frameworks */ = {isa = PBXBuildFile; fileRef = 4C37A7571623DF340060829F /* AudioToolbox.framework */; };
		4C37A75B1623DF540060829F /* MessageUI.framework in Frameworks */ = {isa = PBXBuildFile; fileRef = 4C37A7591623DF540060829F /* MessageUI.framework */; };
		4C37A75C1623DF540060829F /* SystemConfiguration.framework in Frameworks */ = {isa = PBXBuildFile; fileRef = 4C37A75A1623DF540060829F /* SystemConfiguration.framework */; };
		4C37A75E1623DF660060829F /* libstdc++.dylib in Frameworks */ = {isa = PBXBuildFile; fileRef = 4C37A75D1623DF660060829F /* libstdc++.dylib */; };
		4C37A7601623DF720060829F /* libz.dylib in Frameworks */ = {isa = PBXBuildFile; fileRef = 4C37A75F1623DF720060829F /* libz.dylib */; };
		4C37A7621623DFA70060829F /* Cloudeo.framework in Frameworks */ = {isa = PBXBuildFile; fileRef = 4C37A7611623DFA70060829F /* Cloudeo.framework */; };
/* End PBXBuildFile section */

/* Begin PBXFileReference section */
		4C37A7211623DE3E0060829F /* CloudeoLabs.app */ = {isa = PBXFileReference; explicitFileType = wrapper.application; includeInIndex = 0; path = CloudeoLabs.app; sourceTree = BUILT_PRODUCTS_DIR; };
		4C37A7251623DE3E0060829F /* UIKit.framework */ = {isa = PBXFileReference; lastKnownFileType = wrapper.framework; name = UIKit.framework; path = System/Library/Frameworks/UIKit.framework; sourceTree = SDKROOT; };
		4C37A7271623DE3E0060829F /* Foundation.framework */ = {isa = PBXFileReference; lastKnownFileType = wrapper.framework; name = Foundation.framework; path = System/Library/Frameworks/Foundation.framework; sourceTree = SDKROOT; };
		4C37A7291623DE3E0060829F /* CoreGraphics.framework */ = {isa = PBXFileReference; lastKnownFileType = wrapper.framework; name = CoreGraphics.framework; path = System/Library/Frameworks/CoreGraphics.framework; sourceTree = SDKROOT; };
		4C37A72D1623DE3E0060829F /* CloudeoLabs-Info.plist */ = {isa = PBXFileReference; lastKnownFileType = text.plist.xml; path = "CloudeoLabs-Info.plist"; sourceTree = "<group>"; };
		4C37A72F1623DE3E0060829F /* en */ = {isa = PBXFileReference; lastKnownFileType = text.plist.strings; name = en; path = en.lproj/InfoPlist.strings; sourceTree = "<group>"; };
		4C37A7311623DE3E0060829F /* main.m */ = {isa = PBXFileReference; lastKnownFileType = sourcecode.c.objc; path = main.m; sourceTree = "<group>"; };
		4C37A7331623DE3E0060829F /* CloudeoLabs-Prefix.pch */ = {isa = PBXFileReference; lastKnownFileType = sourcecode.c.h; path = "CloudeoLabs-Prefix.pch"; sourceTree = "<group>"; };
		4C37A7341623DE3E0060829F /* CdoAppDelegate.h */ = {isa = PBXFileReference; lastKnownFileType = sourcecode.c.h; path = CdoAppDelegate.h; sourceTree = "<group>"; };
		4C37A7351623DE3E0060829F /* CdoAppDelegate.m */ = {isa = PBXFileReference; lastKnownFileType = sourcecode.c.objc; path = CdoAppDelegate.m; sourceTree = "<group>"; };
		4C37A73D1623DE3F0060829F /* CdoViewController.h */ = {isa = PBXFileReference; lastKnownFileType = sourcecode.c.h; path = CdoViewController.h; sourceTree = "<group>"; };
		4C37A73E1623DE3F0060829F /* CdoViewController.m */ = {isa = PBXFileReference; lastKnownFileType = sourcecode.c.objc; path = CdoViewController.m; sourceTree = "<group>"; };
		4C37A7411623DE3F0060829F /* en */ = {isa = PBXFileReference; lastKnownFileType = file.xib; name = en; path = en.lproj/CdoViewController_iPhone.xib; sourceTree = "<group>"; };
		4C37A7441623DE3F0060829F /* en */ = {isa = PBXFileReference; lastKnownFileType = file.xib; name = en; path = en.lproj/CdoViewController_iPad.xib; sourceTree = "<group>"; };
		4C37A7531623DEDA0060829F /* Reachability.h */ = {isa = PBXFileReference; fileEncoding = 4; lastKnownFileType = sourcecode.c.h; path = Reachability.h; sourceTree = "<group>"; };
		4C37A7541623DEDA0060829F /* Reachability.m */ = {isa = PBXFileReference; fileEncoding = 4; lastKnownFileType = sourcecode.c.objc; path = Reachability.m; sourceTree = "<group>"; };
		4C37A7571623DF340060829F /* AudioToolbox.framework */ = {isa = PBXFileReference; lastKnownFileType = wrapper.framework; name = AudioToolbox.framework; path = System/Library/Frameworks/AudioToolbox.framework; sourceTree = SDKROOT; };
		4C37A7591623DF540060829F /* MessageUI.framework */ = {isa = PBXFileReference; lastKnownFileType = wrapper.framework; name = MessageUI.framework; path = System/Library/Frameworks/MessageUI.framework; sourceTree = SDKROOT; };
		4C37A75A1623DF540060829F /* SystemConfiguration.framework */ = {isa = PBXFileReference; lastKnownFileType = wrapper.framework; name = SystemConfiguration.framework; path = System/Library/Frameworks/SystemConfiguration.framework; sourceTree = SDKROOT; };
		4C37A75D1623DF660060829F /* libstdc++.dylib */ = {isa = PBXFileReference; lastKnownFileType = "compiled.mach-o.dylib"; name = "libstdc++.dylib"; path = "usr/lib/libstdc++.dylib"; sourceTree = SDKROOT; };
		4C37A75F1623DF720060829F /* libz.dylib */ = {isa = PBXFileReference; lastKnownFileType = "compiled.mach-o.dylib"; name = libz.dylib; path = usr/lib/libz.dylib; sourceTree = SDKROOT; };
		4C37A7611623DFA70060829F /* Cloudeo.framework */ = {isa = PBXFileReference; lastKnownFileType = wrapper.framework; name = Cloudeo.framework; path = ../Cloudeo.framework; sourceTree = "<group>"; };
/* End PBXFileReference section */

/* Begin PBXFrameworksBuildPhase section */
		4C37A71E1623DE3E0060829F /* Frameworks */ = {
			isa = PBXFrameworksBuildPhase;
			buildActionMask = 2147483647;
			files = (
				4C37A7621623DFA70060829F /* Cloudeo.framework in Frameworks */,
				4C37A7601623DF720060829F /* libz.dylib in Frameworks */,
				4C37A75E1623DF660060829F /* libstdc++.dylib in Frameworks */,
				4C37A75B1623DF540060829F /* MessageUI.framework in Frameworks */,
				4C37A75C1623DF540060829F /* SystemConfiguration.framework in Frameworks */,
				4C37A7581623DF340060829F /* AudioToolbox.framework in Frameworks */,
				4C37A7261623DE3E0060829F /* UIKit.framework in Frameworks */,
				4C37A7281623DE3E0060829F /* Foundation.framework in Frameworks */,
				4C37A72A1623DE3E0060829F /* CoreGraphics.framework in Frameworks */,
			);
			runOnlyForDeploymentPostprocessing = 0;
		};
/* End PBXFrameworksBuildPhase section */

/* Begin PBXGroup section */
		4C37A7161623DE3E0060829F = {
			isa = PBXGroup;
			children = (
				4C37A7611623DFA70060829F /* Cloudeo.framework */,
				4C37A75F1623DF720060829F /* libz.dylib */,
				4C37A75D1623DF660060829F /* libstdc++.dylib */,
				4C37A7591623DF540060829F /* MessageUI.framework */,
				4C37A75A1623DF540060829F /* SystemConfiguration.framework */,
				4C37A7571623DF340060829F /* AudioToolbox.framework */,
				4C37A72B1623DE3E0060829F /* CloudeoLabs */,
				4C37A7241623DE3E0060829F /* Frameworks */,
				4C37A7221623DE3E0060829F /* Products */,
			);
			sourceTree = "<group>";
		};
		4C37A7221623DE3E0060829F /* Products */ = {
			isa = PBXGroup;
			children = (
				4C37A7211623DE3E0060829F /* CloudeoLabs.app */,
			);
			name = Products;
			sourceTree = "<group>";
		};
		4C37A7241623DE3E0060829F /* Frameworks */ = {
			isa = PBXGroup;
			children = (
				4C37A7251623DE3E0060829F /* UIKit.framework */,
				4C37A7271623DE3E0060829F /* Foundation.framework */,
				4C37A7291623DE3E0060829F /* CoreGraphics.framework */,
			);
			name = Frameworks;
			sourceTree = "<group>";
		};
		4C37A72B1623DE3E0060829F /* CloudeoLabs */ = {
			isa = PBXGroup;
			children = (
				4C37A7531623DEDA0060829F /* Reachability.h */,
				4C37A7541623DEDA0060829F /* Reachability.m */,
				4C37A7341623DE3E0060829F /* CdoAppDelegate.h */,
				4C37A7351623DE3E0060829F /* CdoAppDelegate.m */,
				4C37A73D1623DE3F0060829F /* CdoViewController.h */,
				4C37A73E1623DE3F0060829F /* CdoViewController.m */,
				4C37A7401623DE3F0060829F /* CdoViewController_iPhone.xib */,
				4C37A7431623DE3F0060829F /* CdoViewController_iPad.xib */,
				4C37A72C1623DE3E0060829F /* Supporting Files */,
			);
			path = CloudeoLabs;
			sourceTree = "<group>";
		};
		4C37A72C1623DE3E0060829F /* Supporting Files */ = {
			isa = PBXGroup;
			children = (
				4C37A72D1623DE3E0060829F /* CloudeoLabs-Info.plist */,
				4C37A72E1623DE3E0060829F /* InfoPlist.strings */,
				4C37A7311623DE3E0060829F /* main.m */,
				4C37A7331623DE3E0060829F /* CloudeoLabs-Prefix.pch */,
			);
			name = "Supporting Files";
			sourceTree = "<group>";
		};
/* End PBXGroup section */

/* Begin PBXNativeTarget section */
		4C37A7201623DE3E0060829F /* CloudeoLabs */ = {
			isa = PBXNativeTarget;
			buildConfigurationList = 4C37A7481623DE3F0060829F /* Build configuration list for PBXNativeTarget "CloudeoLabs" */;
			buildPhases = (
				4C37A71D1623DE3E0060829F /* Sources */,
				4C37A71E1623DE3E0060829F /* Frameworks */,
				4C37A71F1623DE3E0060829F /* Resources */,
			);
			buildRules = (
			);
			dependencies = (
			);
			name = CloudeoLabs;
			productName = CloudeoLabs;
			productReference = 4C37A7211623DE3E0060829F /* CloudeoLabs.app */;
			productType = "com.apple.product-type.application";
		};
/* End PBXNativeTarget section */

/* Begin PBXProject section */
		4C37A7181623DE3E0060829F /* Project object */ = {
			isa = PBXProject;
			attributes = {
				CLASSPREFIX = Cdo;
				LastUpgradeCheck = 0450;
				ORGANIZATIONNAME = Cloudeo;
			};
			buildConfigurationList = 4C37A71B1623DE3E0060829F /* Build configuration list for PBXProject "CloudeoLabs" */;
			compatibilityVersion = "Xcode 3.2";
			developmentRegion = English;
			hasScannedForEncodings = 0;
			knownRegions = (
				en,
			);
			mainGroup = 4C37A7161623DE3E0060829F;
			productRefGroup = 4C37A7221623DE3E0060829F /* Products */;
			projectDirPath = "";
			projectRoot = "";
			targets = (
				4C37A7201623DE3E0060829F /* CloudeoLabs */,
			);
		};
/* End PBXProject section */

/* Begin PBXResourcesBuildPhase section */
		4C37A71F1623DE3E0060829F /* Resources */ = {
			isa = PBXResourcesBuildPhase;
			buildActionMask = 2147483647;
			files = (
				4C37A7301623DE3E0060829F /* InfoPlist.strings in Resources */,
				4C37A7421623DE3F0060829F /* CdoViewController_iPhone.xib in Resources */,
				4C37A7451623DE3F0060829F /* CdoViewController_iPad.xib in Resources */,
			);
			runOnlyForDeploymentPostprocessing = 0;
		};
/* End PBXResourcesBuildPhase section */

/* Begin PBXSourcesBuildPhase section */
		4C37A71D1623DE3E0060829F /* Sources */ = {
			isa = PBXSourcesBuildPhase;
			buildActionMask = 2147483647;
			files = (
				4C37A7321623DE3E0060829F /* main.m in Sources */,
				4C37A7361623DE3E0060829F /* CdoAppDelegate.m in Sources */,
				4C37A73F1623DE3F0060829F /* CdoViewController.m in Sources */,
				4C37A7551623DEDA0060829F /* Reachability.m in Sources */,
			);
			runOnlyForDeploymentPostprocessing = 0;
		};
/* End PBXSourcesBuildPhase section */

/* Begin PBXVariantGroup section */
		4C37A72E1623DE3E0060829F /* InfoPlist.strings */ = {
			isa = PBXVariantGroup;
			children = (
				4C37A72F1623DE3E0060829F /* en */,
			);
			name = InfoPlist.strings;
			sourceTree = "<group>";
		};
		4C37A7401623DE3F0060829F /* CdoViewController_iPhone.xib */ = {
			isa = PBXVariantGroup;
			children = (
				4C37A7411623DE3F0060829F /* en */,
			);
			name = CdoViewController_iPhone.xib;
			sourceTree = "<group>";
		};
		4C37A7431623DE3F0060829F /* CdoViewController_iPad.xib */ = {
			isa = PBXVariantGroup;
			children = (
				4C37A7441623DE3F0060829F /* en */,
			);
			name = CdoViewController_iPad.xib;
			sourceTree = "<group>";
		};
/* End PBXVariantGroup section */

/* Begin XCBuildConfiguration section */
		4C37A7461623DE3F0060829F /* Debug */ = {
			isa = XCBuildConfiguration;
			buildSettings = {
				ALWAYS_SEARCH_USER_PATHS = NO;
				CLANG_CXX_LANGUAGE_STANDARD = "gnu++0x";
				CLANG_CXX_LIBRARY = "libc++";
				CLANG_ENABLE_OBJC_ARC = YES;
				CLANG_WARN_EMPTY_BODY = YES;
				CLANG_WARN__DUPLICATE_METHOD_MATCH = YES;
				"CODE_SIGN_IDENTITY[sdk=iphoneos*]" = "iPhone Developer";
				COPY_PHASE_STRIP = NO;
				GCC_C_LANGUAGE_STANDARD = gnu99;
				GCC_DYNAMIC_NO_PIC = NO;
				GCC_OPTIMIZATION_LEVEL = 0;
				GCC_PREPROCESSOR_DEFINITIONS = (
					"DEBUG=1",
					"$(inherited)",
				);
				GCC_SYMBOLS_PRIVATE_EXTERN = NO;
				GCC_WARN_ABOUT_RETURN_TYPE = YES;
				GCC_WARN_UNINITIALIZED_AUTOS = YES;
				GCC_WARN_UNUSED_VARIABLE = YES;
				IPHONEOS_DEPLOYMENT_TARGET = 6.0;
				ONLY_ACTIVE_ARCH = YES;
				SDKROOT = iphoneos;
				TARGETED_DEVICE_FAMILY = "1,2";
			};
			name = Debug;
		};
		4C37A7471623DE3F0060829F /* Release */ = {
			isa = XCBuildConfiguration;
			buildSettings = {
				ALWAYS_SEARCH_USER_PATHS = NO;
				CLANG_CXX_LANGUAGE_STANDARD = "gnu++0x";
				CLANG_CXX_LIBRARY = "libc++";
				CLANG_ENABLE_OBJC_ARC = YES;
				CLANG_WARN_EMPTY_BODY = YES;
				CLANG_WARN__DUPLICATE_METHOD_MATCH = YES;
				"CODE_SIGN_IDENTITY[sdk=iphoneos*]" = "iPhone Developer";
				COPY_PHASE_STRIP = YES;
				GCC_C_LANGUAGE_STANDARD = gnu99;
				GCC_WARN_ABOUT_RETURN_TYPE = YES;
				GCC_WARN_UNINITIALIZED_AUTOS = YES;
				GCC_WARN_UNUSED_VARIABLE = YES;
				IPHONEOS_DEPLOYMENT_TARGET = 6.0;
				OTHER_CFLAGS = "-DNS_BLOCK_ASSERTIONS=1";
				SDKROOT = iphoneos;
				TARGETED_DEVICE_FAMILY = "1,2";
				VALIDATE_PRODUCT = YES;
			};
			name = Release;
		};
		4C37A7491623DE3F0060829F /* Debug */ = {
			isa = XCBuildConfiguration;
			buildSettings = {
				ARCHS = armv7;
				CLANG_ENABLE_OBJC_ARC = NO;
				FRAMEWORK_SEARCH_PATHS = (
					"$(inherited)",
					"\"$(SRCROOT)/../../Development/iOS/cloudeo/build/api\"",
				);
				GCC_PRECOMPILE_PREFIX_HEADER = YES;
				GCC_PREFIX_HEADER = "CloudeoLabs/CloudeoLabs-Prefix.pch";
				INFOPLIST_FILE = "CloudeoLabs/CloudeoLabs-Info.plist";
				IPHONEOS_DEPLOYMENT_TARGET = 6.0;
				ONLY_ACTIVE_ARCH = YES;
				PRODUCT_NAME = "$(TARGET_NAME)";
				TARGETED_DEVICE_FAMILY = "1,2";
				VALID_ARCHS = armv7;
				WRAPPER_EXTENSION = app;
			};
			name = Debug;
		};
		4C37A74A1623DE3F0060829F /* Release */ = {
			isa = XCBuildConfiguration;
			buildSettings = {
				ARCHS = armv7;
				CLANG_ENABLE_OBJC_ARC = NO;
				FRAMEWORK_SEARCH_PATHS = (
					"$(inherited)",
					"\"$(SRCROOT)/../../Development/iOS/cloudeo/build/api\"",
				);
				GCC_PRECOMPILE_PREFIX_HEADER = YES;
				GCC_PREFIX_HEADER = "CloudeoLabs/CloudeoLabs-Prefix.pch";
				INFOPLIST_FILE = "CloudeoLabs/CloudeoLabs-Info.plist";
				IPHONEOS_DEPLOYMENT_TARGET = 6.0;
				ONLY_ACTIVE_ARCH = NO;
				PRODUCT_NAME = "$(TARGET_NAME)";
				TARGETED_DEVICE_FAMILY = "1,2";
				VALID_ARCHS = armv7;
				WRAPPER_EXTENSION = app;
			};
			name = Release;
		};
/* End XCBuildConfiguration section */

/* Begin XCConfigurationList section */
		4C37A71B1623DE3E0060829F /* Build configuration list for PBXProject "CloudeoLabs" */ = {
			isa = XCConfigurationList;
			buildConfigurations = (
				4C37A7461623DE3F0060829F /* Debug */,
				4C37A7471623DE3F0060829F /* Release */,
			);
			defaultConfigurationIsVisible = 0;
			defaultConfigurationName = Release;
		};
		4C37A7481623DE3F0060829F /* Build configuration list for PBXNativeTarget "CloudeoLabs" */ = {
			isa = XCConfigurationList;
			buildConfigurations = (
				4C37A7491623DE3F0060829F /* Debug */,
				4C37A74A1623DE3F0060829F /* Release */,
			);
			defaultConfigurationIsVisible = 0;
			defaultConfigurationName = Release;
		};
/* End XCConfigurationList section */
	};
	rootObject = 4C37A7181623DE3E0060829F /* Project object */;
}
